
Microsoft Visual Studio Solution File, Format Version 12.00
# Visual Studio Version 17
VisualStudioVersion = 17.11.35222.181
MinimumVisualStudioVersion = 10.0.40219.1
Project("{FAE04EC0-301F-11D3-BF4B-00C04F79EFBC}") = "Week6StringsAndArrays", "Week6StringsAndArrays\Week6StringsAndArrays.csproj", "{68F1740E-0A94-4E62-92C7-E0CC3399BF6A}"
EndProject
Project("{FAE04EC0-301F-11D3-BF4B-00C04F79EFBC}") = "Arrays", "Arrays\Arrays.csproj", "{E0F4D191-770F-426E-8E4E-281096845E36}"
EndProject
Project("{FAE04EC0-301F-11D3-BF4B-00C04F79EFBC}") = "NumberArrays", "NumberArrays\NumberArrays.csproj", "{57AE82FB-360A-4EA2-86CF-3A966367FA00}"
EndProject
Project("{FAE04EC0-301F-11D3-BF4B-00C04F79EFBC}") = "RandomElement", "RandomElement\RandomElement.csproj", "{75BD4872-8CE7-4319-A3E7-CC00C452A22C}"
EndProject
Global
	GlobalSection(SolutionConfigurationPlatforms) = preSolution
		Debug|Any CPU = Debug|Any CPU
		Release|Any CPU = Release|Any CPU
	EndGlobalSection
	GlobalSection(ProjectConfigurationPlatforms) = postSolution
		{68F1740E-0A94-4E62-92C7-E0CC3399BF6A}.Debug|Any CPU.ActiveCfg = Debug|Any CPU
		{68F1740E-0A94-4E62-92C7-E0CC3399BF6A}.Debug|Any CPU.Build.0 = Debug|Any CPU
		{68F1740E-0A94-4E62-92C7-E0CC3399BF6A}.Release|Any CPU.ActiveCfg = Release|Any CPU
		{68F1740E-0A94-4E62-92C7-E0CC3399BF6A}.Release|Any CPU.Build.0 = Release|Any CPU
		{E0F4D191-770F-426E-8E4E-281096845E36}.Debug|Any CPU.ActiveCfg = Debug|Any CPU
		{E0F4D191-770F-426E-8E4E-281096845E36}.Debug|Any CPU.Build.0 = Debug|Any CPU
		{E0F4D191-770F-426E-8E4E-281096845E36}.Release|Any CPU.ActiveCfg = Release|Any CPU
		{E0F4D191-770F-426E-8E4E-281096845E36}.Release|Any CPU.Build.0 = Release|Any CPU
		{57AE82FB-360A-4EA2-86CF-3A966367FA00}.Debug|Any CPU.ActiveCfg = Debug|Any CPU
		{57AE82FB-360A-4EA2-86CF-3A966367FA00}.Debug|Any CPU.Build.0 = Debug|Any CPU
		{57AE82FB-360A-4EA2-86CF-3A966367FA00}.Release|Any CPU.ActiveCfg = Release|Any CPU
		{57AE82FB-360A-4EA2-86CF-3A966367FA00}.Release|Any CPU.Build.0 = Release|Any CPU
		{75BD4872-8CE7-4319-A3E7-CC00C452A22C}.Debug|Any CPU.ActiveCfg = Debug|Any CPU
		{75BD4872-8CE7-4319-A3E7-CC00C452A22C}.Debug|Any CPU.Build.0 = Debug|Any CPU
		{75BD4872-8CE7-4319-A3E7-CC00C452A22C}.Release|Any CPU.ActiveCfg = Release|Any CPU
		{75BD4872-8CE7-4319-A3E7-CC00C452A22C}.Release|Any CPU.Build.0 = Release|Any CPU
	EndGlobalSection
	GlobalSection(SolutionProperties) = preSolution
		HideSolutionNode = FALSE
	EndGlobalSection
	GlobalSection(ExtensibilityGlobals) = postSolution
		SolutionGuid = {EDDA5236-CAE9-4D66-B297-787ED5E4E775}
	EndGlobalSection
EndGlobal
